{
  "name": "ipp5-web-browser",
  "version": "0.0.0",
  "lockfileVersion": 3,
  "requires": true,
  "packages": {
    "": {
      "name": "ipp5-web-browser",
      "version": "0.0.0",
      "license": "MIT",
      "dependencies": {
        "event-emitter": "github:e53e04ac/event-emitter",
        "hold": "github:e53e04ac/hold",
        "playwright": "^1.30.0"
      },
      "devDependencies": {
        "@types/node": "^18.11.19",
        "file-entry": "github:e53e04ac/file-entry"
      },
      "engines": {
        "node": ">=18.14.0",
        "npm": ">=9.3.1"
      }
    },
    "node_modules/@types/node": {
      "version": "18.14.2",
      "resolved": "https://registry.npmjs.org/@types/node/-/node-18.14.2.tgz",
      "integrity": "sha512-1uEQxww3DaghA0RxqHx0O0ppVlo43pJhepY51OxuQIKHpjbnYLA7vcdwioNPzIqmC2u3I/dmylcqjlh0e7AyUA==",
      "dev": true
    },
    "node_modules/base": {
      "version": "0.0.0",
      "resolved": "git+ssh://git@github.com/e53e04ac/base.git#bc7288b2519bd72181940cd1f29a5301d840c650",
      "license": "MIT",
      "dependencies": {
        "hold": "github:e53e04ac/hold"
      },
      "engines": {
        "node": ">=18.14.0",
        "npm": ">=9.3.1"
      }
    },
    "node_modules/event-emitter": {
      "version": "0.0.0",
      "resolved": "git+ssh://git@github.com/e53e04ac/event-emitter.git#7e816a82855aca428d7cfe3b3600f54c0fef6c0c",
      "license": "MIT",
      "dependencies": {
        "base": "github:e53e04ac/base",
        "hold": "github:e53e04ac/hold"
      },
      "engines": {
        "node": ">=18.14.0",
        "npm": ">=9.3.1"
      }
    },
    "node_modules/file-entry": {
      "version": "0.0.0",
      "resolved": "git+ssh://git@github.com/e53e04ac/file-entry.git#f47bb48601e4e7066cd1d17d5a5c035688cfc251",
      "dev": true,
      "license": "MIT",
      "dependencies": {
        "base": "github:e53e04ac/base",
        "hold": "github:e53e04ac/hold"
      },
      "engines": {
        "node": ">=18.14.0",
        "npm": ">=9.3.1"
      }
    },
    "node_modules/hold": {
      "version": "0.0.0",
      "resolved": "git+ssh://git@github.com/e53e04ac/hold.git#511bb6663491dadc6e2760a04ee3750996d069f8",
      "license": "MIT",
      "engines": {
        "node": ">=18.14.0",
        "npm": ">=9.3.1"
      }
    },
    "node_modules/playwright": {
      "version": "1.31.1",
      "resolved": "https://registry.npmjs.org/playwright/-/playwright-1.31.1.tgz",
      "integrity": "sha512-zKJabsIA2rvOwJ12lGTqWv4HVJzlfw2JtUvO4hAr7J8UXQZ1qEPpX20E1vcz/9fotnTkwgqp3CVdIBwptBN3Fg==",
      "hasInstallScript": true,
      "dependencies": {
        "playwright-core": "1.31.1"
      },
      "bin": {
        "playwright": "cli.js"
      },
      "engines": {
        "node": ">=14"
      }
    },
    "node_modules/playwright-core": {
      "version": "1.31.1",
      "resolved": "https://registry.npmjs.org/playwright-core/-/playwright-core-1.31.1.tgz",
      "integrity": "sha512-JTyX4kV3/LXsvpHkLzL2I36aCdml4zeE35x+G5aPc4bkLsiRiQshU5lWeVpHFAuC8xAcbI6FDcw/8z3q2xtJSQ==",
      "bin": {
        "playwright": "cli.js"
      },
      "engines": {
        "node": ">=14"
      }
    }
  }
}
